
Microsoft Visual Studio Solution File, Format Version 12.00
# Visual Studio 15
VisualStudioVersion = 15.0.27130.0
MinimumVisualStudioVersion = 10.0.40219.1
Project("{FAE04EC0-301F-11D3-BF4B-00C04F79EFBC}") = "Reatal House Management System", "Reatal House Management System\Reatal House Management System.csproj", "{49FD329F-AD01-44FF-9F50-7DFA438BCBD0}"
EndProject
Global
	GlobalSection(SolutionConfigurationPlatforms) = preSolution
		Debug|Any CPU = Debug|Any CPU
		Release|Any CPU = Release|Any CPU
	EndGlobalSection
	GlobalSection(ProjectConfigurationPlatforms) = postSolution
		{49FD329F-AD01-44FF-9F50-7DFA438BCBD0}.Debug|Any CPU.ActiveCfg = Debug|Any CPU
		{49FD329F-AD01-44FF-9F50-7DFA438BCBD0}.Debug|Any CPU.Build.0 = Debug|Any CPU
		{49FD329F-AD01-44FF-9F50-7DFA438BCBD0}.Release|Any CPU.ActiveCfg = Release|Any CPU
		{49FD329F-AD01-44FF-9F50-7DFA438BCBD0}.Release|Any CPU.Build.0 = Release|Any CPU
	EndGlobalSection
	GlobalSection(SolutionProperties) = preSolution
		HideSolutionNode = FALSE
	EndGlobalSection
	GlobalSection(ExtensibilityGlobals) = postSolution
		SolutionGuid = {56BC5F58-0B64-4281-9142-5FBA2869CF80}
	EndGlobalSection
EndGlobal
